
Microsoft Visual Studio Solution File, Format Version 12.00
# Visual Studio Version 17
VisualStudioVersion = 17.0.31903.59
MinimumVisualStudioVersion = 10.0.40219.1
Project("{F2A71F9B-5D33-465A-A702-920D77279786}") = "Scripts", "Scripts\Scripts.fsproj", "{B3E735F8-42F2-4E65-B8AA-CCD21804F86C}"
EndProject
Project("{F2A71F9B-5D33-465A-A702-920D77279786}") = "Tests", "Tests\Tests.fsproj", "{228BFB39-22AB-4D4C-B656-B854F68B3FB8}"
EndProject
Global
	GlobalSection(SolutionConfigurationPlatforms) = preSolution
		Debug|Any CPU = Debug|Any CPU
		Release|Any CPU = Release|Any CPU
	EndGlobalSection
	GlobalSection(SolutionProperties) = preSolution
		HideSolutionNode = FALSE
	EndGlobalSection
	GlobalSection(ProjectConfigurationPlatforms) = postSolution
		{B3E735F8-42F2-4E65-B8AA-CCD21804F86C}.Debug|Any CPU.ActiveCfg = Debug|Any CPU
		{B3E735F8-42F2-4E65-B8AA-CCD21804F86C}.Debug|Any CPU.Build.0 = Debug|Any CPU
		{B3E735F8-42F2-4E65-B8AA-CCD21804F86C}.Release|Any CPU.ActiveCfg = Release|Any CPU
		{B3E735F8-42F2-4E65-B8AA-CCD21804F86C}.Release|Any CPU.Build.0 = Release|Any CPU
		{228BFB39-22AB-4D4C-B656-B854F68B3FB8}.Debug|Any CPU.ActiveCfg = Debug|Any CPU
		{228BFB39-22AB-4D4C-B656-B854F68B3FB8}.Debug|Any CPU.Build.0 = Debug|Any CPU
		{228BFB39-22AB-4D4C-B656-B854F68B3FB8}.Release|Any CPU.ActiveCfg = Release|Any CPU
		{228BFB39-22AB-4D4C-B656-B854F68B3FB8}.Release|Any CPU.Build.0 = Release|Any CPU
	EndGlobalSection
EndGlobal
